
Microsoft Visual Studio Solution File, Format Version 12.00
# Visual Studio Version 17
VisualStudioVersion = 17.14.36717.8 d17.14
MinimumVisualStudioVersion = 10.0.40219.1
Project("{FAE04EC0-301F-11D3-BF4B-00C04F79EFBC}") = "API.Movies", "API.Movies\API.Movies.csproj", "{AFB2188B-7ECF-4F93-B34C-8733AC5E9AB5}"
EndProject
Global
	GlobalSection(SolutionConfigurationPlatforms) = preSolution
		Debug|Any CPU = Debug|Any CPU
		Release|Any CPU = Release|Any CPU
	EndGlobalSection
	GlobalSection(ProjectConfigurationPlatforms) = postSolution
		{AFB2188B-7ECF-4F93-B34C-8733AC5E9AB5}.Debug|Any CPU.ActiveCfg = Debug|Any CPU
		{AFB2188B-7ECF-4F93-B34C-8733AC5E9AB5}.Debug|Any CPU.Build.0 = Debug|Any CPU
		{AFB2188B-7ECF-4F93-B34C-8733AC5E9AB5}.Release|Any CPU.ActiveCfg = Release|Any CPU
		{AFB2188B-7ECF-4F93-B34C-8733AC5E9AB5}.Release|Any CPU.Build.0 = Release|Any CPU
	EndGlobalSection
	GlobalSection(SolutionProperties) = preSolution
		HideSolutionNode = FALSE
	EndGlobalSection
	GlobalSection(ExtensibilityGlobals) = postSolution
		SolutionGuid = {21F2A0C3-DC92-4D2E-BEF8-C0948B0786FB}
	EndGlobalSection
EndGlobal
